
Microsoft Visual Studio Solution File, Format Version 12.00
# Visual Studio Version 16
VisualStudioVersion = 16.0.30621.155
MinimumVisualStudioVersion = 10.0.40219.1
Project("{FAE04EC0-301F-11D3-BF4B-00C04F79EFBC}") = "ch4_sample_code", "ch4_sample_code\ch4_sample_code.csproj", "{485757A2-8EF6-42C0-858C-3BFD70C2F95C}"
EndProject
Global
	GlobalSection(SolutionConfigurationPlatforms) = preSolution
		Debug|Any CPU = Debug|Any CPU
		Release|Any CPU = Release|Any CPU
	EndGlobalSection
	GlobalSection(ProjectConfigurationPlatforms) = postSolution
		{485757A2-8EF6-42C0-858C-3BFD70C2F95C}.Debug|Any CPU.ActiveCfg = Debug|Any CPU
		{485757A2-8EF6-42C0-858C-3BFD70C2F95C}.Debug|Any CPU.Build.0 = Debug|Any CPU
		{485757A2-8EF6-42C0-858C-3BFD70C2F95C}.Release|Any CPU.ActiveCfg = Release|Any CPU
		{485757A2-8EF6-42C0-858C-3BFD70C2F95C}.Release|Any CPU.Build.0 = Release|Any CPU
	EndGlobalSection
	GlobalSection(SolutionProperties) = preSolution
		HideSolutionNode = FALSE
	EndGlobalSection
	GlobalSection(ExtensibilityGlobals) = postSolution
		SolutionGuid = {99237270-4621-4E6B-A56B-F5C025A616DE}
	EndGlobalSection
EndGlobal
